<?xml version="1.0" encoding="UTF-8" standalone="yes" ?>
<CodeBlocks_project_file>
	<FileVersion major="1" minor="6" />
	<Project>
		<Option title="project-AP-AM" />
		<Option pch_mode="2" />
		<Option compiler="gcc" />
		<Build>
			<Target title="Debug">
				<Option output="bin/Debug/project-AP-AM" prefix_auto="1" extension_auto="1" />
				<Option object_output="obj/Debug/" />
				<Option type="1" />
				<Option compiler="gcc" />
				<Compiler>
					<Add option="-g" />
					<Add directory="include" />
				</Compiler>
			</Target>
			<Target title="Release">
				<Option output="bin/Release/project-AP-AM" prefix_auto="1" extension_auto="1" />
				<Option object_output="obj/Release/" />
				<Option type="1" />
				<Option compiler="gcc" />
				<Compiler>
					<Add option="-O2" />
					<Add directory="include" />
				</Compiler>
				<Linker>
					<Add option="-s" />
				</Linker>
			</Target>
		</Build>
		<Compiler>
			<Add option="-Wall" />
			<Add option="-fexceptions" />
		</Compiler>
		<Unit filename="include/Addition.h" />
		<Unit filename="include/Constante.h" />
		<Unit filename="include/Division.h" />
		<Unit filename="include/Expression.h" />
		<Unit filename="include/Multiplication.h" />
		<Unit filename="include/Operateur.h" />
		<Unit filename="include/Soustraction.h" />
		<Unit filename="include/Variable.h" />
		<Unit filename="main.cpp" />
		<Unit filename="src/Addition.cpp" />
		<Unit filename="src/Constante.cpp" />
		<Unit filename="src/Division.cpp" />
		<Unit filename="src/Expression.cpp" />
		<Unit filename="src/Multiplication.cpp" />
		<Unit filename="src/Operateur.cpp" />
		<Unit filename="src/Soustraction.cpp" />
		<Unit filename="src/Variable.cpp" />
		<Extensions>
			<lib_finder disable_auto="1" />
		</Extensions>
	</Project>
</CodeBlocks_project_file>
